
Microsoft Visual Studio Solution File, Format Version 12.00
# Visual Studio 15
VisualStudioVersion = 15.0.27703.2026
MinimumVisualStudioVersion = 10.0.40219.1
Project("{8BC9CEB8-8B4A-11D0-8D11-00A0C91BC942}") = "Project1", "Project1\Project1.vcxproj", "{BD577723-7AB3-4907-94BD-FE8397FEB32B}"
EndProject
Global
	GlobalSection(SolutionConfigurationPlatforms) = preSolution
		Debug|x64 = Debug|x64
		Debug|x86 = Debug|x86
		Release|x64 = Release|x64
		Release|x86 = Release|x86
	EndGlobalSection
	GlobalSection(ProjectConfigurationPlatforms) = postSolution
		{BD577723-7AB3-4907-94BD-FE8397FEB32B}.Debug|x64.ActiveCfg = Debug|x64
		{BD577723-7AB3-4907-94BD-FE8397FEB32B}.Debug|x64.Build.0 = Debug|x64
		{BD577723-7AB3-4907-94BD-FE8397FEB32B}.Debug|x86.ActiveCfg = Debug|Win32
		{BD577723-7AB3-4907-94BD-FE8397FEB32B}.Debug|x86.Build.0 = Debug|Win32
		{BD577723-7AB3-4907-94BD-FE8397FEB32B}.Release|x64.ActiveCfg = Release|x64
		{BD577723-7AB3-4907-94BD-FE8397FEB32B}.Release|x64.Build.0 = Release|x64
		{BD577723-7AB3-4907-94BD-FE8397FEB32B}.Release|x86.ActiveCfg = Release|Win32
		{BD577723-7AB3-4907-94BD-FE8397FEB32B}.Release|x86.Build.0 = Release|Win32
	EndGlobalSection
	GlobalSection(SolutionProperties) = preSolution
		HideSolutionNode = FALSE
	EndGlobalSection
	GlobalSection(ExtensibilityGlobals) = postSolution
		SolutionGuid = {AD2E4E6D-EEC5-421C-B266-39F008D37F69}
	EndGlobalSection
EndGlobal
